
Microsoft Visual Studio Solution File, Format Version 12.00
# Visual Studio Version 17
VisualStudioVersion = 17.11.35312.102
MinimumVisualStudioVersion = 10.0.40219.1
Project("{FAE04EC0-301F-11D3-BF4B-00C04F79EFBC}") = "Jogo", "Jogo.csproj", "{58746751-73AF-491C-BA22-3790C72962E8}"
EndProject
Global
	GlobalSection(SolutionConfigurationPlatforms) = preSolution
		Debug|Any CPU = Debug|Any CPU
		Release|Any CPU = Release|Any CPU
	EndGlobalSection
	GlobalSection(ProjectConfigurationPlatforms) = postSolution
		{58746751-73AF-491C-BA22-3790C72962E8}.Debug|Any CPU.ActiveCfg = Debug|Any CPU
		{58746751-73AF-491C-BA22-3790C72962E8}.Debug|Any CPU.Build.0 = Debug|Any CPU
		{58746751-73AF-491C-BA22-3790C72962E8}.Release|Any CPU.ActiveCfg = Release|Any CPU
		{58746751-73AF-491C-BA22-3790C72962E8}.Release|Any CPU.Build.0 = Release|Any CPU
	EndGlobalSection
	GlobalSection(SolutionProperties) = preSolution
		HideSolutionNode = FALSE
	EndGlobalSection
	GlobalSection(ExtensibilityGlobals) = postSolution
		SolutionGuid = {20FBE1E3-7E97-46FA-AE0C-1B6E6761B548}
	EndGlobalSection
EndGlobal
